
Microsoft Visual Studio Solution File, Format Version 12.00
# Visual Studio Version 16
VisualStudioVersion = 16.0.31129.286
MinimumVisualStudioVersion = 10.0.40219.1
Project("{FAE04EC0-301F-11D3-BF4B-00C04F79EFBC}") = "WebApiDemo", "WebApiDemo\WebApiDemo.csproj", "{1049F467-1AA4-44B7-A3C5-7C06C2C0330E}"
EndProject
Global
	GlobalSection(SolutionConfigurationPlatforms) = preSolution
		Debug|Any CPU = Debug|Any CPU
		Release|Any CPU = Release|Any CPU
	EndGlobalSection
	GlobalSection(ProjectConfigurationPlatforms) = postSolution
		{1049F467-1AA4-44B7-A3C5-7C06C2C0330E}.Debug|Any CPU.ActiveCfg = Debug|Any CPU
		{1049F467-1AA4-44B7-A3C5-7C06C2C0330E}.Debug|Any CPU.Build.0 = Debug|Any CPU
		{1049F467-1AA4-44B7-A3C5-7C06C2C0330E}.Release|Any CPU.ActiveCfg = Release|Any CPU
		{1049F467-1AA4-44B7-A3C5-7C06C2C0330E}.Release|Any CPU.Build.0 = Release|Any CPU
	EndGlobalSection
	GlobalSection(SolutionProperties) = preSolution
		HideSolutionNode = FALSE
	EndGlobalSection
	GlobalSection(ExtensibilityGlobals) = postSolution
		SolutionGuid = {AD3E7C3D-F3DF-4634-BF04-9EFA6F479959}
	EndGlobalSection
EndGlobal
